
Microsoft Visual Studio Solution File, Format Version 12.00
# Visual Studio 15
VisualStudioVersion = 15.0.26124.0
MinimumVisualStudioVersion = 15.0.26124.0
Project("{2150E333-8FDC-42A3-9474-1A3956D46DE8}") = "source", "source", "{A0EC8F7F-937B-4072-BFAD-D91051BC27E7}"
EndProject
Project("{FAE04EC0-301F-11D3-BF4B-00C04F79EFBC}") = "Spottigus.DataContext", "source\Spottigus.DataContext\Spottigus.DataContext.csproj", "{DE66BED3-1641-4E63-B992-9FD1C5C626D3}"
EndProject
Project("{FAE04EC0-301F-11D3-BF4B-00C04F79EFBC}") = "Spottigus.DataRepository", "source\Spottigus.DataRepository\Spottigus.DataRepository.csproj", "{B26B8FB0-83FE-469A-A3AE-19CB5897A101}"
EndProject
Project("{FAE04EC0-301F-11D3-BF4B-00C04F79EFBC}") = "Spottigus.Core", "source\Spottigus.Core\Spottigus.Core.csproj", "{0D72AE8E-8785-473B-9C7C-6B44F48E695D}"
EndProject
Project("{2150E333-8FDC-42A3-9474-1A3956D46DE8}") = "tests", "tests", "{DD638FD9-C5F0-4FCE-9A5F-935398B48365}"
EndProject
Project("{FAE04EC0-301F-11D3-BF4B-00C04F79EFBC}") = "Spottigus.Tests.Helpers", "tests\Spottigus.Tests.Helpers\Spottigus.Tests.Helpers.csproj", "{830329C0-A2BE-48CC-9CEE-915B4451BEE8}"
EndProject
Project("{FAE04EC0-301F-11D3-BF4B-00C04F79EFBC}") = "Spottigus.DataContext.Tests", "Tests\Spottigus.DataContext.Tests\Spottigus.DataContext.Tests.csproj", "{23E33972-ABD8-4A42-B08C-96DF08E5DE85}"
EndProject
Project("{FAE04EC0-301F-11D3-BF4B-00C04F79EFBC}") = "Spottigus.ErrorHandling", "source\Spottigus.ErrorHandling\Spottigus.ErrorHandling.csproj", "{4979840C-1C66-48E0-949C-74691D042DD4}"
EndProject
Global
	GlobalSection(SolutionConfigurationPlatforms) = preSolution
		Debug|Any CPU = Debug|Any CPU
		Debug|x64 = Debug|x64
		Debug|x86 = Debug|x86
		Release|Any CPU = Release|Any CPU
		Release|x64 = Release|x64
		Release|x86 = Release|x86
	EndGlobalSection
	GlobalSection(SolutionProperties) = preSolution
		HideSolutionNode = FALSE
	EndGlobalSection
	GlobalSection(ProjectConfigurationPlatforms) = postSolution
		{DE66BED3-1641-4E63-B992-9FD1C5C626D3}.Debug|Any CPU.ActiveCfg = Debug|Any CPU
		{DE66BED3-1641-4E63-B992-9FD1C5C626D3}.Debug|Any CPU.Build.0 = Debug|Any CPU
		{DE66BED3-1641-4E63-B992-9FD1C5C626D3}.Debug|x64.ActiveCfg = Debug|Any CPU
		{DE66BED3-1641-4E63-B992-9FD1C5C626D3}.Debug|x64.Build.0 = Debug|Any CPU
		{DE66BED3-1641-4E63-B992-9FD1C5C626D3}.Debug|x86.ActiveCfg = Debug|Any CPU
		{DE66BED3-1641-4E63-B992-9FD1C5C626D3}.Debug|x86.Build.0 = Debug|Any CPU
		{DE66BED3-1641-4E63-B992-9FD1C5C626D3}.Release|Any CPU.ActiveCfg = Release|Any CPU
		{DE66BED3-1641-4E63-B992-9FD1C5C626D3}.Release|Any CPU.Build.0 = Release|Any CPU
		{DE66BED3-1641-4E63-B992-9FD1C5C626D3}.Release|x64.ActiveCfg = Release|Any CPU
		{DE66BED3-1641-4E63-B992-9FD1C5C626D3}.Release|x64.Build.0 = Release|Any CPU
		{DE66BED3-1641-4E63-B992-9FD1C5C626D3}.Release|x86.ActiveCfg = Release|Any CPU
		{DE66BED3-1641-4E63-B992-9FD1C5C626D3}.Release|x86.Build.0 = Release|Any CPU
		{B26B8FB0-83FE-469A-A3AE-19CB5897A101}.Debug|Any CPU.ActiveCfg = Debug|Any CPU
		{B26B8FB0-83FE-469A-A3AE-19CB5897A101}.Debug|Any CPU.Build.0 = Debug|Any CPU
		{B26B8FB0-83FE-469A-A3AE-19CB5897A101}.Debug|x64.ActiveCfg = Debug|Any CPU
		{B26B8FB0-83FE-469A-A3AE-19CB5897A101}.Debug|x64.Build.0 = Debug|Any CPU
		{B26B8FB0-83FE-469A-A3AE-19CB5897A101}.Debug|x86.ActiveCfg = Debug|Any CPU
		{B26B8FB0-83FE-469A-A3AE-19CB5897A101}.Debug|x86.Build.0 = Debug|Any CPU
		{B26B8FB0-83FE-469A-A3AE-19CB5897A101}.Release|Any CPU.ActiveCfg = Release|Any CPU
		{B26B8FB0-83FE-469A-A3AE-19CB5897A101}.Release|Any CPU.Build.0 = Release|Any CPU
		{B26B8FB0-83FE-469A-A3AE-19CB5897A101}.Release|x64.ActiveCfg = Release|Any CPU
		{B26B8FB0-83FE-469A-A3AE-19CB5897A101}.Release|x64.Build.0 = Release|Any CPU
		{B26B8FB0-83FE-469A-A3AE-19CB5897A101}.Release|x86.ActiveCfg = Release|Any CPU
		{B26B8FB0-83FE-469A-A3AE-19CB5897A101}.Release|x86.Build.0 = Release|Any CPU
		{0D72AE8E-8785-473B-9C7C-6B44F48E695D}.Debug|Any CPU.ActiveCfg = Debug|Any CPU
		{0D72AE8E-8785-473B-9C7C-6B44F48E695D}.Debug|Any CPU.Build.0 = Debug|Any CPU
		{0D72AE8E-8785-473B-9C7C-6B44F48E695D}.Debug|x64.ActiveCfg = Debug|Any CPU
		{0D72AE8E-8785-473B-9C7C-6B44F48E695D}.Debug|x64.Build.0 = Debug|Any CPU
		{0D72AE8E-8785-473B-9C7C-6B44F48E695D}.Debug|x86.ActiveCfg = Debug|Any CPU
		{0D72AE8E-8785-473B-9C7C-6B44F48E695D}.Debug|x86.Build.0 = Debug|Any CPU
		{0D72AE8E-8785-473B-9C7C-6B44F48E695D}.Release|Any CPU.ActiveCfg = Release|Any CPU
		{0D72AE8E-8785-473B-9C7C-6B44F48E695D}.Release|Any CPU.Build.0 = Release|Any CPU
		{0D72AE8E-8785-473B-9C7C-6B44F48E695D}.Release|x64.ActiveCfg = Release|Any CPU
		{0D72AE8E-8785-473B-9C7C-6B44F48E695D}.Release|x64.Build.0 = Release|Any CPU
		{0D72AE8E-8785-473B-9C7C-6B44F48E695D}.Release|x86.ActiveCfg = Release|Any CPU
		{0D72AE8E-8785-473B-9C7C-6B44F48E695D}.Release|x86.Build.0 = Release|Any CPU
		{830329C0-A2BE-48CC-9CEE-915B4451BEE8}.Debug|Any CPU.ActiveCfg = Debug|Any CPU
		{830329C0-A2BE-48CC-9CEE-915B4451BEE8}.Debug|Any CPU.Build.0 = Debug|Any CPU
		{830329C0-A2BE-48CC-9CEE-915B4451BEE8}.Debug|x64.ActiveCfg = Debug|Any CPU
		{830329C0-A2BE-48CC-9CEE-915B4451BEE8}.Debug|x64.Build.0 = Debug|Any CPU
		{830329C0-A2BE-48CC-9CEE-915B4451BEE8}.Debug|x86.ActiveCfg = Debug|Any CPU
		{830329C0-A2BE-48CC-9CEE-915B4451BEE8}.Debug|x86.Build.0 = Debug|Any CPU
		{830329C0-A2BE-48CC-9CEE-915B4451BEE8}.Release|Any CPU.ActiveCfg = Release|Any CPU
		{830329C0-A2BE-48CC-9CEE-915B4451BEE8}.Release|Any CPU.Build.0 = Release|Any CPU
		{830329C0-A2BE-48CC-9CEE-915B4451BEE8}.Release|x64.ActiveCfg = Release|Any CPU
		{830329C0-A2BE-48CC-9CEE-915B4451BEE8}.Release|x64.Build.0 = Release|Any CPU
		{830329C0-A2BE-48CC-9CEE-915B4451BEE8}.Release|x86.ActiveCfg = Release|Any CPU
		{830329C0-A2BE-48CC-9CEE-915B4451BEE8}.Release|x86.Build.0 = Release|Any CPU
		{23E33972-ABD8-4A42-B08C-96DF08E5DE85}.Debug|Any CPU.ActiveCfg = Debug|Any CPU
		{23E33972-ABD8-4A42-B08C-96DF08E5DE85}.Debug|Any CPU.Build.0 = Debug|Any CPU
		{23E33972-ABD8-4A42-B08C-96DF08E5DE85}.Debug|x64.ActiveCfg = Debug|Any CPU
		{23E33972-ABD8-4A42-B08C-96DF08E5DE85}.Debug|x64.Build.0 = Debug|Any CPU
		{23E33972-ABD8-4A42-B08C-96DF08E5DE85}.Debug|x86.ActiveCfg = Debug|Any CPU
		{23E33972-ABD8-4A42-B08C-96DF08E5DE85}.Debug|x86.Build.0 = Debug|Any CPU
		{23E33972-ABD8-4A42-B08C-96DF08E5DE85}.Release|Any CPU.ActiveCfg = Release|Any CPU
		{23E33972-ABD8-4A42-B08C-96DF08E5DE85}.Release|Any CPU.Build.0 = Release|Any CPU
		{23E33972-ABD8-4A42-B08C-96DF08E5DE85}.Release|x64.ActiveCfg = Release|Any CPU
		{23E33972-ABD8-4A42-B08C-96DF08E5DE85}.Release|x64.Build.0 = Release|Any CPU
		{23E33972-ABD8-4A42-B08C-96DF08E5DE85}.Release|x86.ActiveCfg = Release|Any CPU
		{23E33972-ABD8-4A42-B08C-96DF08E5DE85}.Release|x86.Build.0 = Release|Any CPU
		{4979840C-1C66-48E0-949C-74691D042DD4}.Debug|Any CPU.ActiveCfg = Debug|Any CPU
		{4979840C-1C66-48E0-949C-74691D042DD4}.Debug|Any CPU.Build.0 = Debug|Any CPU
		{4979840C-1C66-48E0-949C-74691D042DD4}.Debug|x64.ActiveCfg = Debug|Any CPU
		{4979840C-1C66-48E0-949C-74691D042DD4}.Debug|x64.Build.0 = Debug|Any CPU
		{4979840C-1C66-48E0-949C-74691D042DD4}.Debug|x86.ActiveCfg = Debug|Any CPU
		{4979840C-1C66-48E0-949C-74691D042DD4}.Debug|x86.Build.0 = Debug|Any CPU
		{4979840C-1C66-48E0-949C-74691D042DD4}.Release|Any CPU.ActiveCfg = Release|Any CPU
		{4979840C-1C66-48E0-949C-74691D042DD4}.Release|Any CPU.Build.0 = Release|Any CPU
		{4979840C-1C66-48E0-949C-74691D042DD4}.Release|x64.ActiveCfg = Release|Any CPU
		{4979840C-1C66-48E0-949C-74691D042DD4}.Release|x64.Build.0 = Release|Any CPU
		{4979840C-1C66-48E0-949C-74691D042DD4}.Release|x86.ActiveCfg = Release|Any CPU
		{4979840C-1C66-48E0-949C-74691D042DD4}.Release|x86.Build.0 = Release|Any CPU
	EndGlobalSection
	GlobalSection(NestedProjects) = preSolution
		{DE66BED3-1641-4E63-B992-9FD1C5C626D3} = {A0EC8F7F-937B-4072-BFAD-D91051BC27E7}
		{B26B8FB0-83FE-469A-A3AE-19CB5897A101} = {A0EC8F7F-937B-4072-BFAD-D91051BC27E7}
		{0D72AE8E-8785-473B-9C7C-6B44F48E695D} = {A0EC8F7F-937B-4072-BFAD-D91051BC27E7}
		{830329C0-A2BE-48CC-9CEE-915B4451BEE8} = {DD638FD9-C5F0-4FCE-9A5F-935398B48365}
		{23E33972-ABD8-4A42-B08C-96DF08E5DE85} = {DD638FD9-C5F0-4FCE-9A5F-935398B48365}
		{4979840C-1C66-48E0-949C-74691D042DD4} = {A0EC8F7F-937B-4072-BFAD-D91051BC27E7}
	EndGlobalSection
EndGlobal
